<Solution>
	<Configurations>
		<BuildType Name="Debug" />
		<BuildType Name="Release" />
	</Configurations>
	<Folder Name="/eng/">
		<File Path="eng/AdditionalFiles.props" />
		<File Path="eng/CurrentVersion.props" />
		<File Path="eng/PackageMetadata.props" />
	</Folder>
	<Folder Name="/src/" />
	<Folder Name="/src/platforms/">
		<Project Path="src/platforms/Riverside.Elapsed.App/Riverside.Elapsed.App.csproj">
			<Deploy />
		</Project>
		<Project Path="src/platforms/Riverside.Elapsed.CommandLine/Riverside.Elapsed.CommandLine.csproj" />
	</Folder>
	<Folder Name="/src/core/">
		<Project Path="src/core/Riverside.MediaRecording/Riverside.MediaRecording.csproj" />
		<Project Path="src/core/Riverside.ResumableUploads/Riverside.ResumableUploads.csproj" />
		<Project Path="src/core/Riverside.Elapsed/Riverside.Elapsed.csproj" />
	</Folder>
	<Folder Name="/src/server/">
		<Project Path="src/server/Riverside.Elapsed.Server/Riverside.Elapsed.Server.csproj">
			<Deploy />
		</Project>
		<Project Path="src/server/Riverside.Elapsed.DataContracts/Riverside.Elapsed.DataContracts.csproj" />
	</Folder>
	<Folder Name="/tests/" />
</Solution>
